
Microsoft Visual Studio Solution File, Format Version 12.00
# Visual Studio Version 17
VisualStudioVersion = 17.6.33829.357
MinimumVisualStudioVersion = 10.0.40219.1
Project("{FAE04EC0-301F-11D3-BF4B-00C04F79EFBC}") = "WebAPI", "WebAPI\WebAPI.csproj", "{AA492D20-E5EB-4F3B-9B62-F571FA9AC391}"
EndProject
Project("{2150E333-8FDC-42A3-9474-1A3956D46DE8}") = "src", "src", "{F6B05C0E-878B-4330-8551-B3B96708634F}"
EndProject
Project("{2150E333-8FDC-42A3-9474-1A3956D46DE8}") = "Core", "Core", "{24AADF61-2ECE-4333-89E6-04249FA2FB31}"
EndProject
Project("{2150E333-8FDC-42A3-9474-1A3956D46DE8}") = "External", "External", "{A510FF71-14DB-4B83-A7E5-807F1E01FD0D}"
EndProject
Project("{FAE04EC0-301F-11D3-BF4B-00C04F79EFBC}") = "Application", "Application\Application.csproj", "{FB35C5BF-C83E-45A6-B6DD-1D90F7CD20E4}"
EndProject
Project("{FAE04EC0-301F-11D3-BF4B-00C04F79EFBC}") = "Domain", "Domain\Domain.csproj", "{7291E34C-EDE1-4986-84CE-0868F8E93192}"
EndProject
Project("{FAE04EC0-301F-11D3-BF4B-00C04F79EFBC}") = "Infrastructure", "Infrastructure\Infrastructure.csproj", "{0F383F8F-B74E-490A-BDF4-106DB7E8F02E}"
EndProject
Project("{FAE04EC0-301F-11D3-BF4B-00C04F79EFBC}") = "Persistance", "Persistance\Persistance.csproj", "{5F6DF13C-CE97-494E-BFAC-85C1C067CEDF}"
EndProject
Project("{FAE04EC0-301F-11D3-BF4B-00C04F79EFBC}") = "Presentation", "Presentation\Presentation.csproj", "{E69A15B6-0F17-474E-B564-F332E8C52057}"
EndProject
Project("{2150E333-8FDC-42A3-9474-1A3956D46DE8}") = "test", "test", "{737A5851-1E3B-47B5-89DD-7F527BA929EC}"
EndProject
Project("{FAE04EC0-301F-11D3-BF4B-00C04F79EFBC}") = "UnitTest", "UnitTest\UnitTest.csproj", "{1873FC70-0DB8-48A2-AB3F-BA94EF2A80E5}"
EndProject
Global
	GlobalSection(SolutionConfigurationPlatforms) = preSolution
		Debug|Any CPU = Debug|Any CPU
		Release|Any CPU = Release|Any CPU
	EndGlobalSection
	GlobalSection(ProjectConfigurationPlatforms) = postSolution
		{AA492D20-E5EB-4F3B-9B62-F571FA9AC391}.Debug|Any CPU.ActiveCfg = Debug|Any CPU
		{AA492D20-E5EB-4F3B-9B62-F571FA9AC391}.Debug|Any CPU.Build.0 = Debug|Any CPU
		{AA492D20-E5EB-4F3B-9B62-F571FA9AC391}.Release|Any CPU.ActiveCfg = Release|Any CPU
		{AA492D20-E5EB-4F3B-9B62-F571FA9AC391}.Release|Any CPU.Build.0 = Release|Any CPU
		{FB35C5BF-C83E-45A6-B6DD-1D90F7CD20E4}.Debug|Any CPU.ActiveCfg = Debug|Any CPU
		{FB35C5BF-C83E-45A6-B6DD-1D90F7CD20E4}.Debug|Any CPU.Build.0 = Debug|Any CPU
		{FB35C5BF-C83E-45A6-B6DD-1D90F7CD20E4}.Release|Any CPU.ActiveCfg = Release|Any CPU
		{FB35C5BF-C83E-45A6-B6DD-1D90F7CD20E4}.Release|Any CPU.Build.0 = Release|Any CPU
		{7291E34C-EDE1-4986-84CE-0868F8E93192}.Debug|Any CPU.ActiveCfg = Debug|Any CPU
		{7291E34C-EDE1-4986-84CE-0868F8E93192}.Debug|Any CPU.Build.0 = Debug|Any CPU
		{7291E34C-EDE1-4986-84CE-0868F8E93192}.Release|Any CPU.ActiveCfg = Release|Any CPU
		{7291E34C-EDE1-4986-84CE-0868F8E93192}.Release|Any CPU.Build.0 = Release|Any CPU
		{0F383F8F-B74E-490A-BDF4-106DB7E8F02E}.Debug|Any CPU.ActiveCfg = Debug|Any CPU
		{0F383F8F-B74E-490A-BDF4-106DB7E8F02E}.Debug|Any CPU.Build.0 = Debug|Any CPU
		{0F383F8F-B74E-490A-BDF4-106DB7E8F02E}.Release|Any CPU.ActiveCfg = Release|Any CPU
		{0F383F8F-B74E-490A-BDF4-106DB7E8F02E}.Release|Any CPU.Build.0 = Release|Any CPU
		{5F6DF13C-CE97-494E-BFAC-85C1C067CEDF}.Debug|Any CPU.ActiveCfg = Debug|Any CPU
		{5F6DF13C-CE97-494E-BFAC-85C1C067CEDF}.Debug|Any CPU.Build.0 = Debug|Any CPU
		{5F6DF13C-CE97-494E-BFAC-85C1C067CEDF}.Release|Any CPU.ActiveCfg = Release|Any CPU
		{5F6DF13C-CE97-494E-BFAC-85C1C067CEDF}.Release|Any CPU.Build.0 = Release|Any CPU
		{E69A15B6-0F17-474E-B564-F332E8C52057}.Debug|Any CPU.ActiveCfg = Debug|Any CPU
		{E69A15B6-0F17-474E-B564-F332E8C52057}.Debug|Any CPU.Build.0 = Debug|Any CPU
		{E69A15B6-0F17-474E-B564-F332E8C52057}.Release|Any CPU.ActiveCfg = Release|Any CPU
		{E69A15B6-0F17-474E-B564-F332E8C52057}.Release|Any CPU.Build.0 = Release|Any CPU
		{1873FC70-0DB8-48A2-AB3F-BA94EF2A80E5}.Debug|Any CPU.ActiveCfg = Debug|Any CPU
		{1873FC70-0DB8-48A2-AB3F-BA94EF2A80E5}.Debug|Any CPU.Build.0 = Debug|Any CPU
		{1873FC70-0DB8-48A2-AB3F-BA94EF2A80E5}.Release|Any CPU.ActiveCfg = Release|Any CPU
		{1873FC70-0DB8-48A2-AB3F-BA94EF2A80E5}.Release|Any CPU.Build.0 = Release|Any CPU
	EndGlobalSection
	GlobalSection(SolutionProperties) = preSolution
		HideSolutionNode = FALSE
	EndGlobalSection
	GlobalSection(NestedProjects) = preSolution
		{AA492D20-E5EB-4F3B-9B62-F571FA9AC391} = {F6B05C0E-878B-4330-8551-B3B96708634F}
		{24AADF61-2ECE-4333-89E6-04249FA2FB31} = {F6B05C0E-878B-4330-8551-B3B96708634F}
		{A510FF71-14DB-4B83-A7E5-807F1E01FD0D} = {F6B05C0E-878B-4330-8551-B3B96708634F}
		{FB35C5BF-C83E-45A6-B6DD-1D90F7CD20E4} = {24AADF61-2ECE-4333-89E6-04249FA2FB31}
		{7291E34C-EDE1-4986-84CE-0868F8E93192} = {24AADF61-2ECE-4333-89E6-04249FA2FB31}
		{0F383F8F-B74E-490A-BDF4-106DB7E8F02E} = {A510FF71-14DB-4B83-A7E5-807F1E01FD0D}
		{5F6DF13C-CE97-494E-BFAC-85C1C067CEDF} = {A510FF71-14DB-4B83-A7E5-807F1E01FD0D}
		{E69A15B6-0F17-474E-B564-F332E8C52057} = {A510FF71-14DB-4B83-A7E5-807F1E01FD0D}
		{1873FC70-0DB8-48A2-AB3F-BA94EF2A80E5} = {737A5851-1E3B-47B5-89DD-7F527BA929EC}
	EndGlobalSection
	GlobalSection(ExtensibilityGlobals) = postSolution
		SolutionGuid = {716F8AA8-492D-4B96-A83E-085976E69989}
	EndGlobalSection
EndGlobal
